
Microsoft Visual Studio Solution File, Format Version 12.00
Project("{FAE04EC0-301F-11D3-BF4B-00C04F79EFBC}") = "DiscordBotControl", "DiscordBotControl\DiscordBotControl.csproj", "{ECB903DC-B98B-43F1-A2E6-1EB2B7ED012D}"
EndProject
Global
	GlobalSection(SolutionConfigurationPlatforms) = preSolution
		Debug|Any CPU = Debug|Any CPU
		Release|Any CPU = Release|Any CPU
	EndGlobalSection
	GlobalSection(ProjectConfigurationPlatforms) = postSolution
		{ECB903DC-B98B-43F1-A2E6-1EB2B7ED012D}.Debug|Any CPU.ActiveCfg = Debug|Any CPU
		{ECB903DC-B98B-43F1-A2E6-1EB2B7ED012D}.Debug|Any CPU.Build.0 = Debug|Any CPU
		{ECB903DC-B98B-43F1-A2E6-1EB2B7ED012D}.Release|Any CPU.ActiveCfg = Release|Any CPU
		{ECB903DC-B98B-43F1-A2E6-1EB2B7ED012D}.Release|Any CPU.Build.0 = Release|Any CPU
	EndGlobalSection
EndGlobal
